dependencies:
- name: mysql
  repository: https://kubernetes-charts.storage.googleapis.com
  version: 0.19.0
- name: mysql
  repository: https://kubernetes-charts.storage.googleapis.com
  version: 0.19.0
digest: sha256:dcb695ba5d5865f2a0b760e1bbef189b9465df4592a69463d18eed925e34e91a
generated: 2019-05-17T10:07:58.995024521-04:00
